
Microsoft Visual Studio Solution File, Format Version 12.00
# Visual Studio Version 17
VisualStudioVersion = 17.14.35821.62 d17.14
MinimumVisualStudioVersion = 10.0.40219.1
Project("{FAE04EC0-301F-11D3-BF4B-00C04F79EFBC}") = "EmployeeList", "EmployeeList.csproj", "{35EAB085-91E3-4B4B-B64A-0704E577F79A}"
EndProject
Global
	GlobalSection(SolutionConfigurationPlatforms) = preSolution
		Debug|Any CPU = Debug|Any CPU
		Release|Any CPU = Release|Any CPU
	EndGlobalSection
	GlobalSection(ProjectConfigurationPlatforms) = postSolution
		{35EAB085-91E3-4B4B-B64A-0704E577F79A}.Debug|Any CPU.ActiveCfg = Debug|Any CPU
		{35EAB085-91E3-4B4B-B64A-0704E577F79A}.Debug|Any CPU.Build.0 = Debug|Any CPU
		{35EAB085-91E3-4B4B-B64A-0704E577F79A}.Release|Any CPU.ActiveCfg = Release|Any CPU
		{35EAB085-91E3-4B4B-B64A-0704E577F79A}.Release|Any CPU.Build.0 = Release|Any CPU
	EndGlobalSection
	GlobalSection(SolutionProperties) = preSolution
		HideSolutionNode = FALSE
	EndGlobalSection
	GlobalSection(ExtensibilityGlobals) = postSolution
		SolutionGuid = {F46C1DBB-A215-41C9-B148-4F23E3719649}
	EndGlobalSection
EndGlobal
